
Microsoft Visual Studio Solution File, Format Version 12.00
# Visual Studio 14
VisualStudioVersion = 14.0.22609.0
MinimumVisualStudioVersion = 10.0.40219.1
Project("{FAE04EC0-301F-11D3-BF4B-00C04F79EFBC}") = "haywire-net", "haywire-net.csproj", "{74CD59BF-57D0-42F0-8E6D-AA784B984536}"
EndProject
Global
	GlobalSection(SolutionConfigurationPlatforms) = preSolution
		Debug|Any CPU = Debug|Any CPU
		Release|Any CPU = Release|Any CPU
	EndGlobalSection
	GlobalSection(ProjectConfigurationPlatforms) = postSolution
		{74CD59BF-57D0-42F0-8E6D-AA784B984536}.Debug|Any CPU.ActiveCfg = Debug|Any CPU
		{74CD59BF-57D0-42F0-8E6D-AA784B984536}.Debug|Any CPU.Build.0 = Debug|Any CPU
		{74CD59BF-57D0-42F0-8E6D-AA784B984536}.Release|Any CPU.ActiveCfg = Release|Any CPU
		{74CD59BF-57D0-42F0-8E6D-AA784B984536}.Release|Any CPU.Build.0 = Release|Any CPU
	EndGlobalSection
	GlobalSection(SolutionProperties) = preSolution
		HideSolutionNode = FALSE
	EndGlobalSection
	GlobalSection(CodealikeProperties) = postSolution
		SolutionGuid = 8968d1d2-cfb4-4e50-bf5d-680410f07013
	EndGlobalSection
EndGlobal
